
Microsoft Visual Studio Solution File, Format Version 12.00
# Visual Studio 15
VisualStudioVersion = 15.0.27703.2000
MinimumVisualStudioVersion = 10.0.40219.1
Project("{8BC9CEB8-8B4A-11D0-8D11-00A0C91BC942}") = "opengl", "opengl\opengl.vcxproj", "{B347811E-E483-4858-A42D-0BE078756DDA}"
EndProject
Global
	GlobalSection(SolutionConfigurationPlatforms) = preSolution
		Debug|x64 = Debug|x64
		Debug|x86 = Debug|x86
		Release|x64 = Release|x64
		Release|x86 = Release|x86
	EndGlobalSection
	GlobalSection(ProjectConfigurationPlatforms) = postSolution
		{B347811E-E483-4858-A42D-0BE078756DDA}.Debug|x64.ActiveCfg = Debug|x64
		{B347811E-E483-4858-A42D-0BE078756DDA}.Debug|x64.Build.0 = Debug|x64
		{B347811E-E483-4858-A42D-0BE078756DDA}.Debug|x86.ActiveCfg = Debug|Win32
		{B347811E-E483-4858-A42D-0BE078756DDA}.Debug|x86.Build.0 = Debug|Win32
		{B347811E-E483-4858-A42D-0BE078756DDA}.Release|x64.ActiveCfg = Release|x64
		{B347811E-E483-4858-A42D-0BE078756DDA}.Release|x64.Build.0 = Release|x64
		{B347811E-E483-4858-A42D-0BE078756DDA}.Release|x86.ActiveCfg = Release|Win32
		{B347811E-E483-4858-A42D-0BE078756DDA}.Release|x86.Build.0 = Release|Win32
	EndGlobalSection
	GlobalSection(SolutionProperties) = preSolution
		HideSolutionNode = FALSE
	EndGlobalSection
	GlobalSection(ExtensibilityGlobals) = postSolution
		SolutionGuid = {1D22DED4-81ED-4267-BD4B-F97996C45FC6}
	EndGlobalSection
EndGlobal
